
Microsoft Visual Studio Solution File, Format Version 12.00
# Visual Studio Version 16
VisualStudioVersion = 16.0.30717.126
MinimumVisualStudioVersion = 10.0.40219.1
Project("{FAE04EC0-301F-11D3-BF4B-00C04F79EFBC}") = "Overlay Client DSTU", "Overlay Client DSTU\Overlay Client DSTU.csproj", "{3530602A-306A-4DD1-843D-AC11AE95F655}"
EndProject
Global
	GlobalSection(SolutionConfigurationPlatforms) = preSolution
		Debug|Any CPU = Debug|Any CPU
		Release|Any CPU = Release|Any CPU
	EndGlobalSection
	GlobalSection(ProjectConfigurationPlatforms) = postSolution
		{3530602A-306A-4DD1-843D-AC11AE95F655}.Debug|Any CPU.ActiveCfg = Debug|Any CPU
		{3530602A-306A-4DD1-843D-AC11AE95F655}.Debug|Any CPU.Build.0 = Debug|Any CPU
		{3530602A-306A-4DD1-843D-AC11AE95F655}.Release|Any CPU.ActiveCfg = Release|Any CPU
		{3530602A-306A-4DD1-843D-AC11AE95F655}.Release|Any CPU.Build.0 = Release|Any CPU
	EndGlobalSection
	GlobalSection(SolutionProperties) = preSolution
		HideSolutionNode = FALSE
	EndGlobalSection
	GlobalSection(ExtensibilityGlobals) = postSolution
		SolutionGuid = {BC2E14BB-60D3-46A1-A28C-4A72F1201C83}
	EndGlobalSection
EndGlobal
